
Microsoft Visual Studio Solution File, Format Version 12.00
# Visual Studio Version 16
VisualStudioVersion = 16.0.31727.386
MinimumVisualStudioVersion = 10.0.40219.1
Project("{FAE04EC0-301F-11D3-BF4B-00C04F79EFBC}") = "THPT VN-BL", "THPT VN-BL\THPT VN-BL.csproj", "{4559D4FC-F196-45EA-96A8-C7F47810E745}"
EndProject
Global
	GlobalSection(SolutionConfigurationPlatforms) = preSolution
		Debug|Any CPU = Debug|Any CPU
		Release|Any CPU = Release|Any CPU
	EndGlobalSection
	GlobalSection(ProjectConfigurationPlatforms) = postSolution
		{4559D4FC-F196-45EA-96A8-C7F47810E745}.Debug|Any CPU.ActiveCfg = Debug|Any CPU
		{4559D4FC-F196-45EA-96A8-C7F47810E745}.Debug|Any CPU.Build.0 = Debug|Any CPU
		{4559D4FC-F196-45EA-96A8-C7F47810E745}.Release|Any CPU.ActiveCfg = Release|Any CPU
		{4559D4FC-F196-45EA-96A8-C7F47810E745}.Release|Any CPU.Build.0 = Release|Any CPU
	EndGlobalSection
	GlobalSection(SolutionProperties) = preSolution
		HideSolutionNode = FALSE
	EndGlobalSection
	GlobalSection(ExtensibilityGlobals) = postSolution
		SolutionGuid = {96ED0B6E-FBBA-4608-B920-0137FA8AA527}
	EndGlobalSection
EndGlobal
